
Microsoft Visual Studio Solution File, Format Version 12.00
# Visual Studio Version 17
VisualStudioVersion = 17.8.34330.188
MinimumVisualStudioVersion = 10.0.40219.1
Project("{2150E333-8FDC-42A3-9474-1A3956D46DE8}") = "Services", "Services", "{0693749F-BAA8-4B29-8BC4-BC753D689E84}"
EndProject
Project("{2150E333-8FDC-42A3-9474-1A3956D46DE8}") = "Catalog", "Catalog", "{38A04DC9-37BB-41E2-8998-1E6D3B8FFF60}"
EndProject
Project("{9A19103F-16F7-4668-BE54-9A1E7A4F7556}") = "Catalog.API", "Services\Catalog\Catalog.API\Catalog.API.csproj", "{C78590CB-8C81-40A6-BAA9-8B9263549F8F}"
EndProject
Project("{E53339B2-1760-4266-BCC7-CA923CBCF16C}") = "docker-compose", "docker-compose.dcproj", "{DDE9920F-3C8B-4BA9-B8CA-A6FC0C751735}"
EndProject
Project("{2150E333-8FDC-42A3-9474-1A3956D46DE8}") = "Basket", "Basket", "{D4CD1ED0-ECD3-40B6-9FBF-4C372161239A}"
EndProject
Project("{9A19103F-16F7-4668-BE54-9A1E7A4F7556}") = "Basket.API", "Services\Basket\Basket.API\Basket.API.csproj", "{03CDE92C-9567-4F14-9D6F-CD164DC2961A}"
EndProject
Project("{2150E333-8FDC-42A3-9474-1A3956D46DE8}") = "Discount", "Discount", "{D0EB95CB-B835-488A-A33B-E96B7DA1FB23}"
EndProject
Project("{9A19103F-16F7-4668-BE54-9A1E7A4F7556}") = "Discount.API", "Services\Discount\Discount.API\Discount.API.csproj", "{FCDF85BC-1CF4-4A8D-93F1-30E221B843DB}"
EndProject
Project("{9A19103F-16F7-4668-BE54-9A1E7A4F7556}") = "Discount.Grpc", "Services\Discount\Discount.Grpc\Discount.Grpc.csproj", "{A88C4612-E0D0-463C-89EA-E403128030E6}"
EndProject
Project("{2150E333-8FDC-42A3-9474-1A3956D46DE8}") = "Ordering", "Ordering", "{EC6A913C-4117-4A63-A95C-540489F6D8E3}"
EndProject
Project("{FAE04EC0-301F-11D3-BF4B-00C04F79EFBC}") = "Ordering.API", "Services\Ordering\Ordering.API\Ordering.API.csproj", "{E4299BA6-4353-4E52-81F9-A13D4745B2BB}"
EndProject
Project("{FAE04EC0-301F-11D3-BF4B-00C04F79EFBC}") = "Ordering.Domain", "Services\Ordering\Ordering.Domain\Ordering.Domain.csproj", "{38DD7D4C-C993-4F4F-B9A7-7A8E0E882FF6}"
EndProject
Project("{FAE04EC0-301F-11D3-BF4B-00C04F79EFBC}") = "Ordering.Application", "Services\Ordering\Ordering.Application\Ordering.Application.csproj", "{F8B05E15-B2E3-41B4-AC8C-C833D1E5F3EB}"
EndProject
Project("{FAE04EC0-301F-11D3-BF4B-00C04F79EFBC}") = "Ordering.Infrastructure", "Services\Ordering\Ordering.Infrastructure\Ordering.Infrastructure.csproj", "{DACA57B1-B144-4C81-9DB0-721D73D6DF08}"
EndProject
Global
	GlobalSection(SolutionConfigurationPlatforms) = preSolution
		Debug|Any CPU = Debug|Any CPU
		Release|Any CPU = Release|Any CPU
	EndGlobalSection
	GlobalSection(ProjectConfigurationPlatforms) = postSolution
		{C78590CB-8C81-40A6-BAA9-8B9263549F8F}.Debug|Any CPU.ActiveCfg = Debug|Any CPU
		{C78590CB-8C81-40A6-BAA9-8B9263549F8F}.Debug|Any CPU.Build.0 = Debug|Any CPU
		{C78590CB-8C81-40A6-BAA9-8B9263549F8F}.Release|Any CPU.ActiveCfg = Release|Any CPU
		{C78590CB-8C81-40A6-BAA9-8B9263549F8F}.Release|Any CPU.Build.0 = Release|Any CPU
		{DDE9920F-3C8B-4BA9-B8CA-A6FC0C751735}.Debug|Any CPU.ActiveCfg = Debug|Any CPU
		{DDE9920F-3C8B-4BA9-B8CA-A6FC0C751735}.Debug|Any CPU.Build.0 = Debug|Any CPU
		{DDE9920F-3C8B-4BA9-B8CA-A6FC0C751735}.Release|Any CPU.ActiveCfg = Release|Any CPU
		{DDE9920F-3C8B-4BA9-B8CA-A6FC0C751735}.Release|Any CPU.Build.0 = Release|Any CPU
		{03CDE92C-9567-4F14-9D6F-CD164DC2961A}.Debug|Any CPU.ActiveCfg = Debug|Any CPU
		{03CDE92C-9567-4F14-9D6F-CD164DC2961A}.Debug|Any CPU.Build.0 = Debug|Any CPU
		{03CDE92C-9567-4F14-9D6F-CD164DC2961A}.Release|Any CPU.ActiveCfg = Release|Any CPU
		{03CDE92C-9567-4F14-9D6F-CD164DC2961A}.Release|Any CPU.Build.0 = Release|Any CPU
		{FCDF85BC-1CF4-4A8D-93F1-30E221B843DB}.Debug|Any CPU.ActiveCfg = Debug|Any CPU
		{FCDF85BC-1CF4-4A8D-93F1-30E221B843DB}.Debug|Any CPU.Build.0 = Debug|Any CPU
		{FCDF85BC-1CF4-4A8D-93F1-30E221B843DB}.Release|Any CPU.ActiveCfg = Release|Any CPU
		{FCDF85BC-1CF4-4A8D-93F1-30E221B843DB}.Release|Any CPU.Build.0 = Release|Any CPU
		{A88C4612-E0D0-463C-89EA-E403128030E6}.Debug|Any CPU.ActiveCfg = Debug|Any CPU
		{A88C4612-E0D0-463C-89EA-E403128030E6}.Debug|Any CPU.Build.0 = Debug|Any CPU
		{A88C4612-E0D0-463C-89EA-E403128030E6}.Release|Any CPU.ActiveCfg = Release|Any CPU
		{A88C4612-E0D0-463C-89EA-E403128030E6}.Release|Any CPU.Build.0 = Release|Any CPU
		{E4299BA6-4353-4E52-81F9-A13D4745B2BB}.Debug|Any CPU.ActiveCfg = Debug|Any CPU
		{E4299BA6-4353-4E52-81F9-A13D4745B2BB}.Debug|Any CPU.Build.0 = Debug|Any CPU
		{E4299BA6-4353-4E52-81F9-A13D4745B2BB}.Release|Any CPU.ActiveCfg = Release|Any CPU
		{E4299BA6-4353-4E52-81F9-A13D4745B2BB}.Release|Any CPU.Build.0 = Release|Any CPU
		{38DD7D4C-C993-4F4F-B9A7-7A8E0E882FF6}.Debug|Any CPU.ActiveCfg = Debug|Any CPU
		{38DD7D4C-C993-4F4F-B9A7-7A8E0E882FF6}.Debug|Any CPU.Build.0 = Debug|Any CPU
		{38DD7D4C-C993-4F4F-B9A7-7A8E0E882FF6}.Release|Any CPU.ActiveCfg = Release|Any CPU
		{38DD7D4C-C993-4F4F-B9A7-7A8E0E882FF6}.Release|Any CPU.Build.0 = Release|Any CPU
		{F8B05E15-B2E3-41B4-AC8C-C833D1E5F3EB}.Debug|Any CPU.ActiveCfg = Debug|Any CPU
		{F8B05E15-B2E3-41B4-AC8C-C833D1E5F3EB}.Debug|Any CPU.Build.0 = Debug|Any CPU
		{F8B05E15-B2E3-41B4-AC8C-C833D1E5F3EB}.Release|Any CPU.ActiveCfg = Release|Any CPU
		{F8B05E15-B2E3-41B4-AC8C-C833D1E5F3EB}.Release|Any CPU.Build.0 = Release|Any CPU
		{DACA57B1-B144-4C81-9DB0-721D73D6DF08}.Debug|Any CPU.ActiveCfg = Debug|Any CPU
		{DACA57B1-B144-4C81-9DB0-721D73D6DF08}.Debug|Any CPU.Build.0 = Debug|Any CPU
		{DACA57B1-B144-4C81-9DB0-721D73D6DF08}.Release|Any CPU.ActiveCfg = Release|Any CPU
		{DACA57B1-B144-4C81-9DB0-721D73D6DF08}.Release|Any CPU.Build.0 = Release|Any CPU
	EndGlobalSection
	GlobalSection(SolutionProperties) = preSolution
		HideSolutionNode = FALSE
	EndGlobalSection
	GlobalSection(NestedProjects) = preSolution
		{38A04DC9-37BB-41E2-8998-1E6D3B8FFF60} = {0693749F-BAA8-4B29-8BC4-BC753D689E84}
		{C78590CB-8C81-40A6-BAA9-8B9263549F8F} = {38A04DC9-37BB-41E2-8998-1E6D3B8FFF60}
		{D4CD1ED0-ECD3-40B6-9FBF-4C372161239A} = {0693749F-BAA8-4B29-8BC4-BC753D689E84}
		{03CDE92C-9567-4F14-9D6F-CD164DC2961A} = {D4CD1ED0-ECD3-40B6-9FBF-4C372161239A}
		{D0EB95CB-B835-488A-A33B-E96B7DA1FB23} = {0693749F-BAA8-4B29-8BC4-BC753D689E84}
		{FCDF85BC-1CF4-4A8D-93F1-30E221B843DB} = {D0EB95CB-B835-488A-A33B-E96B7DA1FB23}
		{A88C4612-E0D0-463C-89EA-E403128030E6} = {D0EB95CB-B835-488A-A33B-E96B7DA1FB23}
		{EC6A913C-4117-4A63-A95C-540489F6D8E3} = {0693749F-BAA8-4B29-8BC4-BC753D689E84}
		{E4299BA6-4353-4E52-81F9-A13D4745B2BB} = {EC6A913C-4117-4A63-A95C-540489F6D8E3}
		{38DD7D4C-C993-4F4F-B9A7-7A8E0E882FF6} = {EC6A913C-4117-4A63-A95C-540489F6D8E3}
		{F8B05E15-B2E3-41B4-AC8C-C833D1E5F3EB} = {EC6A913C-4117-4A63-A95C-540489F6D8E3}
		{DACA57B1-B144-4C81-9DB0-721D73D6DF08} = {EC6A913C-4117-4A63-A95C-540489F6D8E3}
	EndGlobalSection
	GlobalSection(ExtensibilityGlobals) = postSolution
		SolutionGuid = {23872C05-B04D-42A2-874E-18C4A665ADE4}
	EndGlobalSection
EndGlobal
